GEM
  remote: https://rubygems.org/
  specs:
    bigdecimal (4.0.1)
    commander (4.6.0)
      highline (~> 2.0.0)
    csv (3.3.5)
    highline (2.0.3)
    httparty (0.24.0)
      csv
      mini_mime (>= 1.0.0)
      multi_xml (>= 0.5.2)
    mini_mime (1.1.5)
    multi_xml (0.8.0)
      bigdecimal (>= 3.1, < 5)
    net-ssh (7.0.1)

PLATFORMS
  x86_64-darwin-20
  x86_64-linux

DEPENDENCIES
  commander
  httparty
  net-ssh

BUNDLED WITH
   2.3.7
